{
  "originHash" : "cfeec6b543e195681c3c863687b16e896112764b4e96e0cac4eca21cff60f936",
  "pins" : [
    {
      "identity" : "sumup-ios-sdk",
      "kind" : "remoteSourceControl",
      "location" : "https://github.com/sumup/sumup-ios-sdk",
      "state" : {
        "revision" : "f80153ccaadae8788373b65703f3e2852177b800",
        "version" : "7.1.2"
      }
    }
  ],
  "version" : 3
}
