PODS:
  - Flutter (1.0.0)
  - sumup (0.8.1):
    - Flutter
    - SumUpSDK (= 4.3.4)
  - SumUpSDK (4.3.4)

DEPENDENCIES:
  - Flutter (from `Flutter`)
  - sumup (from `.symlinks/plugins/sumup/ios`)

SPEC REPOS:
  trunk:
    - SumUpSDK

EXTERNAL SOURCES:
  Flutter:
    :path: Flutter
  sumup:
    :path: ".symlinks/plugins/sumup/ios"

SPEC CHECKSUMS:
  Flutter: f04841e97a9d0b0a8025694d0796dd46242b2854
  sumup: 6e80212e214dfda780621388f6e1670cd0232709
  SumUpSDK: 568e36b30f8f540c787f423482ea3b4db29f59cb

PODFILE CHECKSUM: 4e8f8b2be68aeea4c0d5beb6ff1e79fface1d048

COCOAPODS: 1.14.3
