PODS:
  - Flutter (1.0.0)
  - sumup (0.2.2):
    - Flutter
    - SumUpSDK (= 4.0.1)
  - SumUpSDK (4.0.1)

DEPENDENCIES:
  - Flutter (from `Flutter`)
  - sumup (from `.symlinks/plugins/sumup/ios`)

SPEC REPOS:
  trunk:
    - SumUpSDK

EXTERNAL SOURCES:
  Flutter:
    :path: Flutter
  sumup:
    :path: ".symlinks/plugins/sumup/ios"

SPEC CHECKSUMS:
  Flutter: 434fef37c0980e73bb6479ef766c45957d4b510c
  sumup: ab270b4e99ed43d531814a844eb10b0aca74da3c
  SumUpSDK: 0ac1d75acea1e4d5f8660922d585cc580121f7a2

PODFILE CHECKSUM: fe0e1ee7f3d1f7d00b11b474b62dd62134535aea

COCOAPODS: 1.10.1
