{
  "originHash" : "efa64be8eeec6edaa1b1ff68c03bb39a63e4d8441ce61dcdc4c38bdefec94598",
  "pins" : [
    {
      "identity" : "sumup-ios-sdk",
      "kind" : "remoteSourceControl",
      "location" : "https://github.com/sumup/sumup-ios-sdk",
      "state" : {
        "revision" : "5f4265cc3994b67ced9c521b604800074f04d7ba",
        "version" : "6.0.0"
      }
    }
  ],
  "version" : 3
}
